{
  "version": 4,
  "terraform_version": "0.14.3",
  "serial": 24,
  "lineage": "52fb53e7-c70b-f27a-4153-59db86306022",
  "outputs": {
    "gi_instance_private_ip": {
      "value": "172.31.27.117",
      "type": "string"
    },
    "gi_instance_public_ip": {
      "value": "3.133.7.38",
      "type": "string"
    },
    "gi_rds_port": {
      "value": 3306,
      "type": "number"
    }
  },
  "resources": [
    {
      "module": "module.instances",
      "mode": "managed",
      "type": "aws_instance",
      "name": "gi_instance",
      "provider": "module.instances.provider[\"registry.terraform.io/hashicorp/aws\"]",
      "instances": [
        {
          "schema_version": 1,
          "attributes": {
            "ami": "ami-0a91cd140a1fc148a",
            "arn": "arn:aws:ec2:us-east-2:405204513974:instance/i-05333249a39c13174",
            "associate_public_ip_address": true,
            "availability_zone": "us-east-2b",
            "cpu_core_count": 1,
            "cpu_threads_per_core": 1,
            "credit_specification": [
              {
                "cpu_credits": "standard"
              }
            ],
            "disable_api_termination": false,
            "ebs_block_device": [
              {
                "delete_on_termination": true,
                "device_name": "/dev/sda1",
                "encrypted": false,
                "iops": 100,
                "kms_key_id": "",
                "snapshot_id": "snap-076c0da1ccc1594bb",
                "throughput": 0,
                "volume_id": "vol-0b64b7e6ee6dedc56",
                "volume_size": 10,
                "volume_type": "gp2"
              }
            ],
            "ebs_optimized": false,
            "enclave_options": [
              {
                "enabled": false
              }
            ],
            "ephemeral_block_device": [],
            "get_password_data": false,
            "hibernation": false,
            "host_id": null,
            "iam_instance_profile": "",
            "id": "i-05333249a39c13174",
            "instance_initiated_shutdown_behavior": null,
            "instance_state": "running",
            "instance_type": "t2.micro",
            "ipv6_address_count": 0,
            "ipv6_addresses": [],
            "key_name": "gikp",
            "metadata_options": [
              {
                "http_endpoint": "enabled",
                "http_put_response_hop_limit": 1,
                "http_tokens": "optional"
              }
            ],
            "monitoring": false,
            "network_interface": [],
            "outpost_arn": "",
            "password_data": "",
            "placement_group": "",
            "primary_network_interface_id": "eni-050cc236276a9eec8",
            "private_dns": "ip-172-31-27-117.us-east-2.compute.internal",
            "private_ip": "172.31.27.117",
            "public_dns": "ec2-3-133-7-38.us-east-2.compute.amazonaws.com",
            "public_ip": "3.133.7.38",
            "root_block_device": [
              {
                "delete_on_termination": true,
                "device_name": "/dev/sda1",
                "encrypted": false,
                "iops": 100,
                "kms_key_id": "",
                "throughput": 0,
                "volume_id": "vol-0b64b7e6ee6dedc56",
                "volume_size": 10,
                "volume_type": "gp2"
              }
            ],
            "secondary_private_ips": [],
            "security_groups": [
              "gi-ec2-sg"
            ],
            "source_dest_check": true,
            "subnet_id": "subnet-028b9478",
            "tags": {
              "project": "gameinsighter"
            },
            "tenancy": "default",
            "timeouts": null,
            "user_data": null,
            "user_data_base64": null,
            "volume_tags": {},
            "vpc_security_group_ids": [
              "sg-0c8cacb1e1be2d217"
            ]
          },
          "sensitive_attributes": [],
          "private": "eyJlMmJmYjczMC1lY2FhLTExZTYtOGY4OC0zNDM2M2JjN2M0YzAiOnsiY3JlYXRlIjo2MDAwMDAwMDAwMDAsImRlbGV0ZSI6MTIwMDAwMDAwMDAwMCwidXBkYXRlIjo2MDAwMDAwMDAwMDB9LCJzY2hlbWFfdmVyc2lvbiI6IjEifQ=="
        }
      ]
    },
    {
      "module": "module.rds",
      "mode": "data",
      "type": "aws_security_group",
      "name": "gi_rds_sg",
      "provider": "module.rds.provider[\"registry.terraform.io/hashicorp/aws\"]",
      "instances": [
        {
          "schema_version": 0,
          "attributes": {
            "arn": "arn:aws:ec2:us-east-2:405204513974:security-group/sg-0305f612370b18de2",
            "description": "Created by RDS management console",
            "filter": null,
            "id": "sg-0305f612370b18de2",
            "name": "gi-rds-sg",
            "tags": {},
            "vpc_id": "vpc-229b2249"
          },
          "sensitive_attributes": []
        }
      ]
    }
  ]
}
